lockfileVersion: 5.4

importers:

  .:
    specifiers:
      '@trpc/server': ^10.14.1
      typescript: ^4.9.5
      zod: ^3.21.4
    dependencies:
      '@trpc/server': 10.14.1
      zod: 3.21.4
    devDependencies:
      typescript: 4.9.5

packages:

  /@trpc/server/10.14.1:
    resolution: {integrity: sha512-+xF2j4PITHI2+At7oDnu7clbvG7cn+lZQLJKrIKfJKssAwq8XQ7x39QF4CUd1Ix0TbjSrLwFoCj2lx9jbaSYnQ==}
    dev: false

  /typescript/4.9.5:
    resolution: {integrity: sha512-1FXk9E2Hm+QzZQ7z+McJiHL4NW1F2EzMu9Nq9i3zAaGqibafqYwCVU6WyWAuyQRRzOlxou8xZSyXLEN8oKj24g==}
    engines: {node: '>=4.2.0'}
    hasBin: true
    dev: true

  /zod/3.21.4:
    resolution: {integrity: sha512-m46AKbrzKVzOzs/DZgVnG5H55N1sv1M8qZU3A8RIKbs3mrACDNeIOeilDymVb2HdmP8uwshOCF4uJ8uM9rCqJw==}
    dev: false
